
Microsoft Visual Studio Solution File, Format Version 12.00
# Visual Studio 15
VisualStudioVersion = 15.0.28307.539
MinimumVisualStudioVersion = 10.0.40219.1
Project("{FAE04EC0-301F-11D3-BF4B-00C04F79EFBC}") = "TechAcademyInsurance", "TechAcademyInsurance\TechAcademyInsurance.csproj", "{C5CBAB59-C34A-42AC-BBF6-2577061E2913}"
EndProject
Global
	GlobalSection(SolutionConfigurationPlatforms) = preSolution
		Debug|Any CPU = Debug|Any CPU
		Release|Any CPU = Release|Any CPU
	EndGlobalSection
	GlobalSection(ProjectConfigurationPlatforms) = postSolution
		{C5CBAB59-C34A-42AC-BBF6-2577061E2913}.Debug|Any CPU.ActiveCfg = Debug|Any CPU
		{C5CBAB59-C34A-42AC-BBF6-2577061E2913}.Debug|Any CPU.Build.0 = Debug|Any CPU
		{C5CBAB59-C34A-42AC-BBF6-2577061E2913}.Release|Any CPU.ActiveCfg = Release|Any CPU
		{C5CBAB59-C34A-42AC-BBF6-2577061E2913}.Release|Any CPU.Build.0 = Release|Any CPU
	EndGlobalSection
	GlobalSection(SolutionProperties) = preSolution
		HideSolutionNode = FALSE
	EndGlobalSection
	GlobalSection(ExtensibilityGlobals) = postSolution
		SolutionGuid = {4F9019DB-9977-4451-A5F2-CFD93E1EAD8E}
	EndGlobalSection
EndGlobal
